// !$*UTF8*$!
{
	archiveVersion = 1;
	classes = {
	};
	objectVersion = 55;
	objects = {

/* Begin PBXBuildFile section */
		81011D7B2825CFFE00CDACEC /* AppDelegate.swift in Sources */ = {isa = PBXBuildFile; fileRef = 81011D7A2825CFFE00CDACEC /* AppDelegate.swift */; };
		81011D7D2825CFFE00CDACEC /* ContentView.swift in Sources */ = {isa = PBXBuildFile; fileRef = 81011D7C2825CFFE00CDACEC /* ContentView.swift */; };
		81011D7F2825CFFE00CDACEC /* Experience.rcproject in Sources */ = {isa = PBXBuildFile; fileRef = 81011D7E2825CFFE00CDACEC /* Experience.rcproject */; };
		81011D812825D00100CDACEC /* Assets.xcassets in Resources */ = {isa = PBXBuildFile; fileRef = 81011D802825D00100CDACEC /* Assets.xcassets */; };
		81011D842825D00100CDACEC /* Preview Assets.xcassets in Resources */ = {isa = PBXBuildFile; fileRef = 81011D832825D00100CDACEC /* Preview Assets.xcassets */; };
		81011D8E2825D00100CDACEC /* Eternal_PoseTests.swift in Sources */ = {isa = PBXBuildFile; fileRef = 81011D8D2825D00100CDACEC /* Eternal_PoseTests.swift */; };
		81011D982825D00100CDACEC /* Eternal_Pose_UITests.swift in Sources */ = {isa = PBXBuildFile; fileRef = 81011D972825D00100CDACEC /* Eternal_Pose_UITests.swift */; };
		81011D9A2825D00100CDACEC /* Eternal_Pose_UITestsLaunchTests.swift in Sources */ = {isa = PBXBuildFile; fileRef = 81011D992825D00100CDACEC /* Eternal_Pose_UITestsLaunchTests.swift */; };
		81011DAB2825F09300CDACEC /* ARContainerView.swift in Sources */ = {isa = PBXBuildFile; fileRef = 81011DAA2825F09300CDACEC /* ARContainerView.swift */; };
		81011DB5282B041700CDACEC /* extenders.swift in Sources */ = {isa = PBXBuildFile; fileRef = 81011DB4282B041700CDACEC /* extenders.swift */; };
		81011DB9282B20D200CDACEC /* Node.swift in Sources */ = {isa = PBXBuildFile; fileRef = 81011DB8282B20D200CDACEC /* Node.swift */; };
		81011DBB282B217300CDACEC /* Path.swift in Sources */ = {isa = PBXBuildFile; fileRef = 81011DBA282B217300CDACEC /* Path.swift */; };
		8170866E28358E1D000842B6 /* ARView+WorldTracking.swift in Sources */ = {isa = PBXBuildFile; fileRef = 8170866D28358E1D000842B6 /* ARView+WorldTracking.swift */; };
		8170867028358E44000842B6 /* ARView+AnchorNodes.swift in Sources */ = {isa = PBXBuildFile; fileRef = 8170866F28358E44000842B6 /* ARView+AnchorNodes.swift */; };
		8170867228358E6B000842B6 /* Entity+Indicators.swift in Sources */ = {isa = PBXBuildFile; fileRef = 8170867128358E6B000842B6 /* Entity+Indicators.swift */; };
		817086742835C70C000842B6 /* ModelEntity+Indicators.swift in Sources */ = {isa = PBXBuildFile; fileRef = 817086732835C70C000842B6 /* ModelEntity+Indicators.swift */; };
		817F86DB2832916E007FE76E /* Constants.swift in Sources */ = {isa = PBXBuildFile; fileRef = 817F86DA2832916E007FE76E /* Constants.swift */; };
		8180A986283519B000156ADB /* MeshResource+Arrow.swift in Sources */ = {isa = PBXBuildFile; fileRef = 8180A985283519B000156ADB /* MeshResource+Arrow.swift */; };
		81A4EB0B2832D6F8006857CC /* RoutingServiceDecoder.swift in Sources */ = {isa = PBXBuildFile; fileRef = 81A4EB0A2832D6F8006857CC /* RoutingServiceDecoder.swift */; };
		81A4EB0F2832DA95006857CC /* RoutingServiceVertex.swift in Sources */ = {isa = PBXBuildFile; fileRef = 81A4EB0E2832DA95006857CC /* RoutingServiceVertex.swift */; };
		81A4EB472833D9A9006857CC /* sampleRoutingServicePath.json in Resources */ = {isa = PBXBuildFile; fileRef = 81A4EB462833D9A9006857CC /* sampleRoutingServicePath.json */; };
		81A4EB492833DA4E006857CC /* ControlView.swift in Sources */ = {isa = PBXBuildFile; fileRef = 81A4EB482833DA4D006857CC /* ControlView.swift */; };
/* End PBXBuildFile section */

/* Begin PBXContainerItemProxy section */
		81011D8A2825D00100CDACEC /* PBXContainerItemProxy */ = {
			isa = PBXContainerItemProxy;
			containerPortal = 81011D6F2825CFFE00CDACEC /* Project object */;
			proxyType = 1;
			remoteGlobalIDString = 81011D762825CFFE00CDACEC;
			remoteInfo = "Eternal Pose Markers";
		};
		81011D942825D00100CDACEC /* PBXContainerItemProxy */ = {
			isa = PBXContainerItemProxy;
			containerPortal = 81011D6F2825CFFE00CDACEC /* Project object */;
			proxyType = 1;
			remoteGlobalIDString = 81011D762825CFFE00CDACEC;
			remoteInfo = "Eternal Pose Markers";
		};
/* End PBXContainerItemProxy section */

/* Begin PBXFileReference section */
		81011D772825CFFE00CDACEC /* Eternal Pose.app */ = {isa = PBXFileReference; explicitFileType = wrapper.application; includeInIndex = 0; path = "Eternal Pose.app"; sourceTree = BUILT_PRODUCTS_DIR; };
		81011D7A2825CFFE00CDACEC /* AppDelegate.swift */ = {isa = PBXFileReference; lastKnownFileType = sourcecode.swift; path = AppDelegate.swift; sourceTree = "<group>"; };
		81011D7C2825CFFE00CDACEC /* ContentView.swift */ = {isa = PBXFileReference; lastKnownFileType = sourcecode.swift; path = ContentView.swift; sourceTree = "<group>"; };
		81011D7E2825CFFE00CDACEC /* Experience.rcproject */ = {isa = PBXFileReference; lastKnownFileType = file.rcproject; path = Experience.rcproject; sourceTree = "<group>"; };
		81011D802825D00100CDACEC /* Assets.xcassets */ = {isa = PBXFileReference; lastKnownFileType = folder.assetcatalog; path = Assets.xcassets; sourceTree = "<group>"; };
		81011D832825D00100CDACEC /* Preview Assets.xcassets */ = {isa = PBXFileReference; lastKnownFileType = folder.assetcatalog; path = "Preview Assets.xcassets"; sourceTree = "<group>"; };
		81011D892825D00100CDACEC /* Eternal PoseTests.xctest */ = {isa = PBXFileReference; explicitFileType = wrapper.cfbundle; includeInIndex = 0; path = "Eternal PoseTests.xctest"; sourceTree = BUILT_PRODUCTS_DIR; };
		81011D8D2825D00100CDACEC /* Eternal_PoseTests.swift */ = {isa = PBXFileReference; lastKnownFileType = sourcecode.swift; path = Eternal_PoseTests.swift; sourceTree = "<group>"; };
		81011D932825D00100CDACEC /* Eternal PoseUITests.xctest */ = {isa = PBXFileReference; explicitFileType = wrapper.cfbundle; includeInIndex = 0; path = "Eternal PoseUITests.xctest"; sourceTree = BUILT_PRODUCTS_DIR; };
		81011D972825D00100CDACEC /* Eternal_Pose_UITests.swift */ = {isa = PBXFileReference; lastKnownFileType = sourcecode.swift; path = Eternal_Pose_UITests.swift; sourceTree = "<group>"; };
		81011D992825D00100CDACEC /* Eternal_Pose_UITestsLaunchTests.swift */ = {isa = PBXFileReference; lastKnownFileType = sourcecode.swift; path = Eternal_Pose_UITestsLaunchTests.swift; sourceTree = "<group>"; };
		81011DAA2825F09300CDACEC /* ARContainerView.swift */ = {isa = PBXFileReference; lastKnownFileType = sourcecode.swift; path = ARContainerView.swift; sourceTree = "<group>"; };
		81011DB4282B041700CDACEC /* extenders.swift */ = {isa = PBXFileReference; lastKnownFileType = sourcecode.swift; path = extenders.swift; sourceTree = "<group>"; };
		81011DB8282B20D200CDACEC /* Node.swift */ = {isa = PBXFileReference; lastKnownFileType = sourcecode.swift; path = Node.swift; sourceTree = "<group>"; };
		81011DBA282B217300CDACEC /* Path.swift */ = {isa = PBXFileReference; lastKnownFileType = sourcecode.swift; path = Path.swift; sourceTree = "<group>"; };
		8170866D28358E1D000842B6 /* ARView+WorldTracking.swift */ = {isa = PBXFileReference; lastKnownFileType = sourcecode.swift; path = "ARView+WorldTracking.swift"; sourceTree = "<group>"; };
		8170866F28358E44000842B6 /* ARView+AnchorNodes.swift */ = {isa = PBXFileReference; lastKnownFileType = sourcecode.swift; path = "ARView+AnchorNodes.swift"; sourceTree = "<group>"; };
		8170867128358E6B000842B6 /* Entity+Indicators.swift */ = {isa = PBXFileReference; lastKnownFileType = sourcecode.swift; path = "Entity+Indicators.swift"; sourceTree = "<group>"; };
		817086732835C70C000842B6 /* ModelEntity+Indicators.swift */ = {isa = PBXFileReference; lastKnownFileType = sourcecode.swift; path = "ModelEntity+Indicators.swift"; sourceTree = "<group>"; };
		817F86DA2832916E007FE76E /* Constants.swift */ = {isa = PBXFileReference; lastKnownFileType = sourcecode.swift; path = Constants.swift; sourceTree = "<group>"; };
		8180A985283519B000156ADB /* MeshResource+Arrow.swift */ = {isa = PBXFileReference; lastKnownFileType = sourcecode.swift; path = "MeshResource+Arrow.swift"; sourceTree = "<group>"; };
		81A4EB0A2832D6F8006857CC /* RoutingServiceDecoder.swift */ = {isa = PBXFileReference; lastKnownFileType = sourcecode.swift; path = RoutingServiceDecoder.swift; sourceTree = "<group>"; };
		81A4EB0E2832DA95006857CC /* RoutingServiceVertex.swift */ = {isa = PBXFileReference; lastKnownFileType = sourcecode.swift; path = RoutingServiceVertex.swift; sourceTree = "<group>"; };
		81A4EB462833D9A9006857CC /* sampleRoutingServicePath.json */ = {isa = PBXFileReference; fileEncoding = 4; lastKnownFileType = text.json; path = sampleRoutingServicePath.json; sourceTree = "<group>"; };
		81A4EB482833DA4D006857CC /* ControlView.swift */ = {isa = PBXFileReference; fileEncoding = 4; lastKnownFileType = sourcecode.swift; path = ControlView.swift; sourceTree = "<group>"; };
/* End PBXFileReference section */

/* Begin PBXFrameworksBuildPhase section */
		81011D742825CFFE00CDACEC /* Frameworks */ = {
			isa = PBXFrameworksBuildPhase;
			buildActionMask = 2147483647;
			files = (
			);
			runOnlyForDeploymentPostprocessing = 0;
		};
		81011D862825D00100CDACEC /* Frameworks */ = {
			isa = PBXFrameworksBuildPhase;
			buildActionMask = 2147483647;
			files = (
			);
			runOnlyForDeploymentPostprocessing = 0;
		};
		81011D902825D00100CDACEC /* Frameworks */ = {
			isa = PBXFrameworksBuildPhase;
			buildActionMask = 2147483647;
			files = (
			);
			runOnlyForDeploymentPostprocessing = 0;
		};
/* End PBXFrameworksBuildPhase section */

/* Begin PBXGroup section */
		81011D6E2825CFFE00CDACEC = {
			isa = PBXGroup;
			children = (
				81011D792825CFFE00CDACEC /* Eternal Pose */,
				81011D8C2825D00100CDACEC /* Eternal PoseTests */,
				81011D962825D00100CDACEC /* Eternal PoseUITests */,
				81011D782825CFFE00CDACEC /* Products */,
			);
			sourceTree = "<group>";
		};
		81011D782825CFFE00CDACEC /* Products */ = {
			isa = PBXGroup;
			children = (
				81011D772825CFFE00CDACEC /* Eternal Pose.app */,
				81011D892825D00100CDACEC /* Eternal PoseTests.xctest */,
				81011D932825D00100CDACEC /* Eternal PoseUITests.xctest */,
			);
			name = Products;
			sourceTree = "<group>";
		};
		81011D792825CFFE00CDACEC /* Eternal Pose */ = {
			isa = PBXGroup;
			children = (
				81A4EB452833D95E006857CC /* sample data */,
				81011DA92825F04C00CDACEC /* Views */,
				81011DA82825F04400CDACEC /* Utils */,
				81011DA62825F02800CDACEC /* Models */,
				81011D7A2825CFFE00CDACEC /* AppDelegate.swift */,
				817F86DA2832916E007FE76E /* Constants.swift */,
				81011D7E2825CFFE00CDACEC /* Experience.rcproject */,
				81011D802825D00100CDACEC /* Assets.xcassets */,
				81011D822825D00100CDACEC /* Preview Content */,
			);
			path = "Eternal Pose";
			sourceTree = "<group>";
		};
		81011D822825D00100CDACEC /* Preview Content */ = {
			isa = PBXGroup;
			children = (
				81A4EB422833D755006857CC /* New Group */,
				81011D832825D00100CDACEC /* Preview Assets.xcassets */,
			);
			path = "Preview Content";
			sourceTree = "<group>";
		};
		81011D8C2825D00100CDACEC /* Eternal PoseTests */ = {
			isa = PBXGroup;
			children = (
				81011D8D2825D00100CDACEC /* Eternal_PoseTests.swift */,
			);
			path = "Eternal PoseTests";
			sourceTree = "<group>";
		};
		81011D962825D00100CDACEC /* Eternal PoseUITests */ = {
			isa = PBXGroup;
			children = (
				81011D972825D00100CDACEC /* Eternal_Pose_UITests.swift */,
				81011D992825D00100CDACEC /* Eternal_Pose_UITestsLaunchTests.swift */,
			);
			path = "Eternal PoseUITests";
			sourceTree = "<group>";
		};
		81011DA62825F02800CDACEC /* Models */ = {
			isa = PBXGroup;
			children = (
				81011DB8282B20D200CDACEC /* Node.swift */,
				81011DBA282B217300CDACEC /* Path.swift */,
				81A4EB0E2832DA95006857CC /* RoutingServiceVertex.swift */,
			);
			path = Models;
			sourceTree = "<group>";
		};
		81011DA82825F04400CDACEC /* Utils */ = {
			isa = PBXGroup;
			children = (
				81011DB4282B041700CDACEC /* extenders.swift */,
				8170866F28358E44000842B6 /* ARView+AnchorNodes.swift */,
				8170866D28358E1D000842B6 /* ARView+WorldTracking.swift */,
				81A4EB0A2832D6F8006857CC /* RoutingServiceDecoder.swift */,
				8180A985283519B000156ADB /* MeshResource+Arrow.swift */,
				8170867128358E6B000842B6 /* Entity+Indicators.swift */,
				817086732835C70C000842B6 /* ModelEntity+Indicators.swift */,
			);
			path = Utils;
			sourceTree = "<group>";
		};
		81011DA92825F04C00CDACEC /* Views */ = {
			isa = PBXGroup;
			children = (
				81A4EB482833DA4D006857CC /* ControlView.swift */,
				81011D7C2825CFFE00CDACEC /* ContentView.swift */,
				81011DAA2825F09300CDACEC /* ARContainerView.swift */,
			);
			path = Views;
			sourceTree = "<group>";
		};
		81A4EB422833D755006857CC /* New Group */ = {
			isa = PBXGroup;
			children = (
			);
			path = "New Group";
			sourceTree = "<group>";
		};
		81A4EB452833D95E006857CC /* sample data */ = {
			isa = PBXGroup;
			children = (
				81A4EB462833D9A9006857CC /* sampleRoutingServicePath.json */,
			);
			path = "sample data";
			sourceTree = "<group>";
		};
/* End PBXGroup section */

/* Begin PBXNativeTarget section */
		81011D762825CFFE00CDACEC /* Eternal Pose */ = {
			isa = PBXNativeTarget;
			buildConfigurationList = 81011D9D2825D00100CDACEC /* Build configuration list for PBXNativeTarget "Eternal Pose" */;
			buildPhases = (
				81011D732825CFFE00CDACEC /* Sources */,
				81011D742825CFFE00CDACEC /* Frameworks */,
				81011D752825CFFE00CDACEC /* Resources */,
			);
			buildRules = (
			);
			dependencies = (
			);
			name = "Eternal Pose";
			productName = "Eternal Pose Markers";
			productReference = 81011D772825CFFE00CDACEC /* Eternal Pose.app */;
			productType = "com.apple.product-type.application";
		};
		81011D882825D00100CDACEC /* Eternal PoseTests */ = {
			isa = PBXNativeTarget;
			buildConfigurationList = 81011DA02825D00100CDACEC /* Build configuration list for PBXNativeTarget "Eternal PoseTests" */;
			buildPhases = (
				81011D852825D00100CDACEC /* Sources */,
				81011D862825D00100CDACEC /* Frameworks */,
				81011D872825D00100CDACEC /* Resources */,
			);
			buildRules = (
			);
			dependencies = (
				81011D8B2825D00100CDACEC /* PBXTargetDependency */,
			);
			name = "Eternal PoseTests";
			productName = "Eternal Pose MarkersTests";
			productReference = 81011D892825D00100CDACEC /* Eternal PoseTests.xctest */;
			productType = "com.apple.product-type.bundle.unit-test";
		};
		81011D922825D00100CDACEC /* Eternal PoseUITests */ = {
			isa = PBXNativeTarget;
			buildConfigurationList = 81011DA32825D00100CDACEC /* Build configuration list for PBXNativeTarget "Eternal PoseUITests" */;
			buildPhases = (
				81011D8F2825D00100CDACEC /* Sources */,
				81011D902825D00100CDACEC /* Frameworks */,
				81011D912825D00100CDACEC /* Resources */,
			);
			buildRules = (
			);
			dependencies = (
				81011D952825D00100CDACEC /* PBXTargetDependency */,
			);
			name = "Eternal PoseUITests";
			productName = "Eternal Pose MarkersUITests";
			productReference = 81011D932825D00100CDACEC /* Eternal PoseUITests.xctest */;
			productType = "com.apple.product-type.bundle.ui-testing";
		};
/* End PBXNativeTarget section */

/* Begin PBXProject section */
		81011D6F2825CFFE00CDACEC /* Project object */ = {
			isa = PBXProject;
			attributes = {
				BuildIndependentTargetsInParallel = 1;
				LastSwiftUpdateCheck = 1330;
				LastUpgradeCheck = 1330;
				TargetAttributes = {
					81011D762825CFFE00CDACEC = {
						CreatedOnToolsVersion = 13.3.1;
					};
					81011D882825D00100CDACEC = {
						CreatedOnToolsVersion = 13.3.1;
						TestTargetID = 81011D762825CFFE00CDACEC;
					};
					81011D922825D00100CDACEC = {
						CreatedOnToolsVersion = 13.3.1;
						TestTargetID = 81011D762825CFFE00CDACEC;
					};
				};
			};
			buildConfigurationList = 81011D722825CFFE00CDACEC /* Build configuration list for PBXProject "Eternal Pose" */;
			compatibilityVersion = "Xcode 13.0";
			developmentRegion = en;
			hasScannedForEncodings = 0;
			knownRegions = (
				en,
				Base,
			);
			mainGroup = 81011D6E2825CFFE00CDACEC;
			productRefGroup = 81011D782825CFFE00CDACEC /* Products */;
			projectDirPath = "";
			projectRoot = "";
			targets = (
				81011D762825CFFE00CDACEC /* Eternal Pose */,
				81011D882825D00100CDACEC /* Eternal PoseTests */,
				81011D922825D00100CDACEC /* Eternal PoseUITests */,
			);
		};
/* End PBXProject section */

/* Begin PBXResourcesBuildPhase section */
		81011D752825CFFE00CDACEC /* Resources */ = {
			isa = PBXResourcesBuildPhase;
			buildActionMask = 2147483647;
			files = (
				81011D842825D00100CDACEC /* Preview Assets.xcassets in Resources */,
				81011D812825D00100CDACEC /* Assets.xcassets in Resources */,
				81A4EB472833D9A9006857CC /* sampleRoutingServicePath.json in Resources */,
			);
			runOnlyForDeploymentPostprocessing = 0;
		};
		81011D872825D00100CDACEC /* Resources */ = {
			isa = PBXResourcesBuildPhase;
			buildActionMask = 2147483647;
			files = (
			);
			runOnlyForDeploymentPostprocessing = 0;
		};
		81011D912825D00100CDACEC /* Resources */ = {
			isa = PBXResourcesBuildPhase;
			buildActionMask = 2147483647;
			files = (
			);
			runOnlyForDeploymentPostprocessing = 0;
		};
/* End PBXResourcesBuildPhase section */

/* Begin PBXSourcesBuildPhase section */
		81011D732825CFFE00CDACEC /* Sources */ = {
			isa = PBXSourcesBuildPhase;
			buildActionMask = 2147483647;
			files = (
				817086742835C70C000842B6 /* ModelEntity+Indicators.swift in Sources */,
				81A4EB0B2832D6F8006857CC /* RoutingServiceDecoder.swift in Sources */,
				81011D7D2825CFFE00CDACEC /* ContentView.swift in Sources */,
				81A4EB492833DA4E006857CC /* ControlView.swift in Sources */,
				8170866E28358E1D000842B6 /* ARView+WorldTracking.swift in Sources */,
				8170867228358E6B000842B6 /* Entity+Indicators.swift in Sources */,
				81011DAB2825F09300CDACEC /* ARContainerView.swift in Sources */,
				81011DBB282B217300CDACEC /* Path.swift in Sources */,
				8170867028358E44000842B6 /* ARView+AnchorNodes.swift in Sources */,
				81011D7B2825CFFE00CDACEC /* AppDelegate.swift in Sources */,
				81A4EB0F2832DA95006857CC /* RoutingServiceVertex.swift in Sources */,
				81011D7F2825CFFE00CDACEC /* Experience.rcproject in Sources */,
				81011DB5282B041700CDACEC /* extenders.swift in Sources */,
				81011DB9282B20D200CDACEC /* Node.swift in Sources */,
				8180A986283519B000156ADB /* MeshResource+Arrow.swift in Sources */,
				817F86DB2832916E007FE76E /* Constants.swift in Sources */,
			);
			runOnlyForDeploymentPostprocessing = 0;
		};
		81011D852825D00100CDACEC /* Sources */ = {
			isa = PBXSourcesBuildPhase;
			buildActionMask = 2147483647;
			files = (
				81011D8E2825D00100CDACEC /* Eternal_PoseTests.swift in Sources */,
			);
			runOnlyForDeploymentPostprocessing = 0;
		};
		81011D8F2825D00100CDACEC /* Sources */ = {
			isa = PBXSourcesBuildPhase;
			buildActionMask = 2147483647;
			files = (
				81011D982825D00100CDACEC /* Eternal_Pose_UITests.swift in Sources */,
				81011D9A2825D00100CDACEC /* Eternal_Pose_UITestsLaunchTests.swift in Sources */,
			);
			runOnlyForDeploymentPostprocessing = 0;
		};
/* End PBXSourcesBuildPhase section */

/* Begin PBXTargetDependency section */
		81011D8B2825D00100CDACEC /* PBXTargetDependency */ = {
			isa = PBXTargetDependency;
			target = 81011D762825CFFE00CDACEC /* Eternal Pose */;
			targetProxy = 81011D8A2825D00100CDACEC /* PBXContainerItemProxy */;
		};
		81011D952825D00100CDACEC /* PBXTargetDependency */ = {
			isa = PBXTargetDependency;
			target = 81011D762825CFFE00CDACEC /* Eternal Pose */;
			targetProxy = 81011D942825D00100CDACEC /* PBXContainerItemProxy */;
		};
/* End PBXTargetDependency section */

/* Begin XCBuildConfiguration section */
		81011D9B2825D00100CDACEC /* Debug */ = {
			isa = XCBuildConfiguration;
			buildSettings = {
				ALWAYS_SEARCH_USER_PATHS = NO;
				CLANG_ANALYZER_NONNULL = YES;
				CLANG_ANALYZER_NUMBER_OBJECT_CONVERSION = YES_AGGRESSIVE;
				CLANG_CXX_LANGUAGE_STANDARD = "gnu++17";
				CLANG_ENABLE_MODULES = YES;
				CLANG_ENABLE_OBJC_ARC = YES;
				CLANG_ENABLE_OBJC_WEAK = YES;
				CLANG_WARN_BLOCK_CAPTURE_AUTORELEASING = YES;
				CLANG_WARN_BOOL_CONVERSION = YES;
				CLANG_WARN_COMMA = YES;
				CLANG_WARN_CONSTANT_CONVERSION = YES;
				CLANG_WARN_DEPRECATED_OBJC_IMPLEMENTATIONS = YES;
				CLANG_WARN_DIRECT_OBJC_ISA_USAGE = YES_ERROR;
				CLANG_WARN_DOCUMENTATION_COMMENTS = YES;
				CLANG_WARN_EMPTY_BODY = YES;
				CLANG_WARN_ENUM_CONVERSION = YES;
				CLANG_WARN_INFINITE_RECURSION = YES;
				CLANG_WARN_INT_CONVERSION = YES;
				CLANG_WARN_NON_LITERAL_NULL_CONVERSION = YES;
				CLANG_WARN_OBJC_IMPLICIT_RETAIN_SELF = YES;
				CLANG_WARN_OBJC_LITERAL_CONVERSION = YES;
				CLANG_WARN_OBJC_ROOT_CLASS = YES_ERROR;
				CLANG_WARN_QUOTED_INCLUDE_IN_FRAMEWORK_HEADER = YES;
				CLANG_WARN_RANGE_LOOP_ANALYSIS = YES;
				CLANG_WARN_STRICT_PROTOTYPES = YES;
				CLANG_WARN_SUSPICIOUS_MOVE = YES;
				CLANG_WARN_UNGUARDED_AVAILABILITY = YES_AGGRESSIVE;
				CLANG_WARN_UNREACHABLE_CODE = YES;
				CLANG_WARN__DUPLICATE_METHOD_MATCH = YES;
				COPY_PHASE_STRIP = NO;
				DEBUG_INFORMATION_FORMAT = dwarf;
				ENABLE_STRICT_OBJC_MSGSEND = YES;
				ENABLE_TESTABILITY = YES;
				GCC_C_LANGUAGE_STANDARD = gnu11;
				GCC_DYNAMIC_NO_PIC = NO;
				GCC_NO_COMMON_BLOCKS = YES;
				GCC_OPTIMIZATION_LEVEL = 0;
				GCC_PREPROCESSOR_DEFINITIONS = (
					"DEBUG=1",
					"$(inherited)",
				);
				GCC_WARN_64_TO_32_BIT_CONVERSION = YES;
				GCC_WARN_ABOUT_RETURN_TYPE = YES_ERROR;
				GCC_WARN_UNDECLARED_SELECTOR = YES;
				GCC_WARN_UNINITIALIZED_AUTOS = YES_AGGRESSIVE;
				GCC_WARN_UNUSED_FUNCTION = YES;
				GCC_WARN_UNUSED_VARIABLE = YES;
				IPHONEOS_DEPLOYMENT_TARGET = 15.4;
				MTL_ENABLE_DEBUG_INFO = INCLUDE_SOURCE;
				MTL_FAST_MATH = YES;
				ONLY_ACTIVE_ARCH = YES;
				SDKROOT = iphoneos;
				SWIFT_ACTIVE_COMPILATION_CONDITIONS = DEBUG;
				SWIFT_OPTIMIZATION_LEVEL = "-Onone";
			};
			name = Debug;
		};
		81011D9C2825D00100CDACEC /* Release */ = {
			isa = XCBuildConfiguration;
			buildSettings = {
				ALWAYS_SEARCH_USER_PATHS = NO;
				CLANG_ANALYZER_NONNULL = YES;
				CLANG_ANALYZER_NUMBER_OBJECT_CONVERSION = YES_AGGRESSIVE;
				CLANG_CXX_LANGUAGE_STANDARD = "gnu++17";
				CLANG_ENABLE_MODULES = YES;
				CLANG_ENABLE_OBJC_ARC = YES;
				CLANG_ENABLE_OBJC_WEAK = YES;
				CLANG_WARN_BLOCK_CAPTURE_AUTORELEASING = YES;
				CLANG_WARN_BOOL_CONVERSION = YES;
				CLANG_WARN_COMMA = YES;
				CLANG_WARN_CONSTANT_CONVERSION = YES;
				CLANG_WARN_DEPRECATED_OBJC_IMPLEMENTATIONS = YES;
				CLANG_WARN_DIRECT_OBJC_ISA_USAGE = YES_ERROR;
				CLANG_WARN_DOCUMENTATION_COMMENTS = YES;
				CLANG_WARN_EMPTY_BODY = YES;
				CLANG_WARN_ENUM_CONVERSION = YES;
				CLANG_WARN_INFINITE_RECURSION = YES;
				CLANG_WARN_INT_CONVERSION = YES;
				CLANG_WARN_NON_LITERAL_NULL_CONVERSION = YES;
				CLANG_WARN_OBJC_IMPLICIT_RETAIN_SELF = YES;
				CLANG_WARN_OBJC_LITERAL_CONVERSION = YES;
				CLANG_WARN_OBJC_ROOT_CLASS = YES_ERROR;
				CLANG_WARN_QUOTED_INCLUDE_IN_FRAMEWORK_HEADER = YES;
				CLANG_WARN_RANGE_LOOP_ANALYSIS = YES;
				CLANG_WARN_STRICT_PROTOTYPES = YES;
				CLANG_WARN_SUSPICIOUS_MOVE = YES;
				CLANG_WARN_UNGUARDED_AVAILABILITY = YES_AGGRESSIVE;
				CLANG_WARN_UNREACHABLE_CODE = YES;
				CLANG_WARN__DUPLICATE_METHOD_MATCH = YES;
				COPY_PHASE_STRIP = NO;
				DEBUG_INFORMATION_FORMAT = "dwarf-with-dsym";
				ENABLE_NS_ASSERTIONS = NO;
				ENABLE_STRICT_OBJC_MSGSEND = YES;
				GCC_C_LANGUAGE_STANDARD = gnu11;
				GCC_NO_COMMON_BLOCKS = YES;
				GCC_WARN_64_TO_32_BIT_CONVERSION = YES;
				GCC_WARN_ABOUT_RETURN_TYPE = YES_ERROR;
				GCC_WARN_UNDECLARED_SELECTOR = YES;
				GCC_WARN_UNINITIALIZED_AUTOS = YES_AGGRESSIVE;
				GCC_WARN_UNUSED_FUNCTION = YES;
				GCC_WARN_UNUSED_VARIABLE = YES;
				IPHONEOS_DEPLOYMENT_TARGET = 15.4;
				MTL_ENABLE_DEBUG_INFO = NO;
				MTL_FAST_MATH = YES;
				SDKROOT = iphoneos;
				SWIFT_COMPILATION_MODE = wholemodule;
				SWIFT_OPTIMIZATION_LEVEL = "-O";
				VALIDATE_PRODUCT = YES;
			};
			name = Release;
		};
		81011D9E2825D00100CDACEC /* Debug */ = {
			isa = XCBuildConfiguration;
			buildSettings = {
				ASSETCATALOG_COMPILER_APPICON_NAME = AppIcon;
				ASSETCATALOG_COMPILER_GLOBAL_ACCENT_COLOR_NAME = AccentColor;
				CODE_SIGN_STYLE = Automatic;
				CURRENT_PROJECT_VERSION = 1;
				DEVELOPMENT_ASSET_PATHS = "\"Eternal Pose/Preview Content\"";
				DEVELOPMENT_TEAM = ZW7KZKMDJ8;
				ENABLE_PREVIEWS = YES;
				GENERATE_INFOPLIST_FILE = YES;
				INFOPLIST_KEY_NSCameraUsageDescription = "";
				INFOPLIST_KEY_UIApplicationSupportsIndirectInputEvents = YES;
				INFOPLIST_KEY_UILaunchScreen_Generation = YES;
				INFOPLIST_KEY_UIRequiredDeviceCapabilities = arkit;
				INFOPLIST_KEY_UIStatusBarHidden = YES;
				INFOPLIST_KEY_UISupportedInterfaceOrientations_iPad = "UIInterfaceOrientationPortrait UIInterfaceOrientationPortraitUpsideDown UIInterfaceOrientationLandscapeLeft UIInterfaceOrientationLandscapeRight";
				INFOPLIST_KEY_UISupportedInterfaceOrientations_iPhone = "UIInterfaceOrientationPortrait UIInterfaceOrientationLandscapeLeft UIInterfaceOrientationLandscapeRight";
				LD_RUNPATH_SEARCH_PATHS = (
					"$(inherited)",
					"@executable_path/Frameworks",
				);
				MARKETING_VERSION = 1.0;
				PRODUCT_BUNDLE_IDENTIFIER = "None.Eternal-Pose";
				PRODUCT_NAME = "Eternal Pose";
				SWIFT_EMIT_LOC_STRINGS = YES;
				SWIFT_VERSION = 5.0;
				TARGETED_DEVICE_FAMILY = "1,2";
			};
			name = Debug;
		};
		81011D9F2825D00100CDACEC /* Release */ = {
			isa = XCBuildConfiguration;
			buildSettings = {
				ASSETCATALOG_COMPILER_APPICON_NAME = AppIcon;
				ASSETCATALOG_COMPILER_GLOBAL_ACCENT_COLOR_NAME = AccentColor;
				CODE_SIGN_STYLE = Automatic;
				CURRENT_PROJECT_VERSION = 1;
				DEVELOPMENT_ASSET_PATHS = "\"Eternal Pose/Preview Content\"";
				DEVELOPMENT_TEAM = ZW7KZKMDJ8;
				ENABLE_PREVIEWS = YES;
				GENERATE_INFOPLIST_FILE = YES;
				INFOPLIST_KEY_NSCameraUsageDescription = "";
				INFOPLIST_KEY_UIApplicationSupportsIndirectInputEvents = YES;
				INFOPLIST_KEY_UILaunchScreen_Generation = YES;
				INFOPLIST_KEY_UIRequiredDeviceCapabilities = arkit;
				INFOPLIST_KEY_UIStatusBarHidden = YES;
				INFOPLIST_KEY_UISupportedInterfaceOrientations_iPad = "UIInterfaceOrientationPortrait UIInterfaceOrientationPortraitUpsideDown UIInterfaceOrientationLandscapeLeft UIInterfaceOrientationLandscapeRight";
				INFOPLIST_KEY_UISupportedInterfaceOrientations_iPhone = "UIInterfaceOrientationPortrait UIInterfaceOrientationLandscapeLeft UIInterfaceOrientationLandscapeRight";
				LD_RUNPATH_SEARCH_PATHS = (
					"$(inherited)",
					"@executable_path/Frameworks",
				);
				MARKETING_VERSION = 1.0;
				PRODUCT_BUNDLE_IDENTIFIER = "None.Eternal-Pose";
				PRODUCT_NAME = "Eternal Pose";
				SWIFT_EMIT_LOC_STRINGS = YES;
				SWIFT_VERSION = 5.0;
				TARGETED_DEVICE_FAMILY = "1,2";
			};
			name = Release;
		};
		81011DA12825D00100CDACEC /* Debug */ = {
			isa = XCBuildConfiguration;
			buildSettings = {
				ALWAYS_EMBED_SWIFT_STANDARD_LIBRARIES = YES;
				BUNDLE_LOADER = "$(TEST_HOST)";
				CODE_SIGN_STYLE = Automatic;
				CURRENT_PROJECT_VERSION = 1;
				DEVELOPMENT_TEAM = ZW7KZKMDJ8;
				GENERATE_INFOPLIST_FILE = YES;
				IPHONEOS_DEPLOYMENT_TARGET = 15.4;
				MARKETING_VERSION = 1.0;
				PRODUCT_BUNDLE_IDENTIFIER = "None.Eternal-Pose-MarkersTests";
				PRODUCT_NAME = "$(TARGET_NAME)";
				SWIFT_EMIT_LOC_STRINGS = NO;
				SWIFT_VERSION = 5.0;
				TARGETED_DEVICE_FAMILY = "1,2";
				TEST_HOST = "$(BUILT_PRODUCTS_DIR)/Eternal Pose.app/Eternal Pose";
			};
			name = Debug;
		};
		81011DA22825D00100CDACEC /* Release */ = {
			isa = XCBuildConfiguration;
			buildSettings = {
				ALWAYS_EMBED_SWIFT_STANDARD_LIBRARIES = YES;
				BUNDLE_LOADER = "$(TEST_HOST)";
				CODE_SIGN_STYLE = Automatic;
				CURRENT_PROJECT_VERSION = 1;
				DEVELOPMENT_TEAM = ZW7KZKMDJ8;
				GENERATE_INFOPLIST_FILE = YES;
				IPHONEOS_DEPLOYMENT_TARGET = 15.4;
				MARKETING_VERSION = 1.0;
				PRODUCT_BUNDLE_IDENTIFIER = "None.Eternal-Pose-MarkersTests";
				PRODUCT_NAME = "$(TARGET_NAME)";
				SWIFT_EMIT_LOC_STRINGS = NO;
				SWIFT_VERSION = 5.0;
				TARGETED_DEVICE_FAMILY = "1,2";
				TEST_HOST = "$(BUILT_PRODUCTS_DIR)/Eternal Pose.app/Eternal Pose";
			};
			name = Release;
		};
		81011DA42825D00100CDACEC /* Debug */ = {
			isa = XCBuildConfiguration;
			buildSettings = {
				ALWAYS_EMBED_SWIFT_STANDARD_LIBRARIES = YES;
				CODE_SIGN_STYLE = Automatic;
				CURRENT_PROJECT_VERSION = 1;
				DEVELOPMENT_TEAM = ZW7KZKMDJ8;
				GENERATE_INFOPLIST_FILE = YES;
				MARKETING_VERSION = 1.0;
				PRODUCT_BUNDLE_IDENTIFIER = "None.Eternal-PoseUITests";
				PRODUCT_NAME = "$(TARGET_NAME)";
				SWIFT_EMIT_LOC_STRINGS = NO;
				SWIFT_VERSION = 5.0;
				TARGETED_DEVICE_FAMILY = "1,2";
				TEST_TARGET_NAME = "Eternal Pose";
			};
			name = Debug;
		};
		81011DA52825D00100CDACEC /* Release */ = {
			isa = XCBuildConfiguration;
			buildSettings = {
				ALWAYS_EMBED_SWIFT_STANDARD_LIBRARIES = YES;
				CODE_SIGN_STYLE = Automatic;
				CURRENT_PROJECT_VERSION = 1;
				DEVELOPMENT_TEAM = ZW7KZKMDJ8;
				GENERATE_INFOPLIST_FILE = YES;
				MARKETING_VERSION = 1.0;
				PRODUCT_BUNDLE_IDENTIFIER = "None.Eternal-PoseUITests";
				PRODUCT_NAME = "$(TARGET_NAME)";
				SWIFT_EMIT_LOC_STRINGS = NO;
				SWIFT_VERSION = 5.0;
				TARGETED_DEVICE_FAMILY = "1,2";
				TEST_TARGET_NAME = "Eternal Pose";
			};
			name = Release;
		};
/* End XCBuildConfiguration section */

/* Begin XCConfigurationList section */
		81011D722825CFFE00CDACEC /* Build configuration list for PBXProject "Eternal Pose" */ = {
			isa = XCConfigurationList;
			buildConfigurations = (
				81011D9B2825D00100CDACEC /* Debug */,
				81011D9C2825D00100CDACEC /* Release */,
			);
			defaultConfigurationIsVisible = 0;
			defaultConfigurationName = Release;
		};
		81011D9D2825D00100CDACEC /* Build configuration list for PBXNativeTarget "Eternal Pose" */ = {
			isa = XCConfigurationList;
			buildConfigurations = (
				81011D9E2825D00100CDACEC /* Debug */,
				81011D9F2825D00100CDACEC /* Release */,
			);
			defaultConfigurationIsVisible = 0;
			defaultConfigurationName = Release;
		};
		81011DA02825D00100CDACEC /* Build configuration list for PBXNativeTarget "Eternal PoseTests" */ = {
			isa = XCConfigurationList;
			buildConfigurations = (
				81011DA12825D00100CDACEC /* Debug */,
				81011DA22825D00100CDACEC /* Release */,
			);
			defaultConfigurationIsVisible = 0;
			defaultConfigurationName = Release;
		};
		81011DA32825D00100CDACEC /* Build configuration list for PBXNativeTarget "Eternal PoseUITests" */ = {
			isa = XCConfigurationList;
			buildConfigurations = (
				81011DA42825D00100CDACEC /* Debug */,
				81011DA52825D00100CDACEC /* Release */,
			);
			defaultConfigurationIsVisible = 0;
			defaultConfigurationName = Release;
		};
/* End XCConfigurationList section */
	};
	rootObject = 81011D6F2825CFFE00CDACEC /* Project object */;
}
